
Microsoft Visual Studio Solution File, Format Version 12.00
# Visual Studio Version 17
VisualStudioVersion = 17.9.34616.47
MinimumVisualStudioVersion = 10.0.40219.1
Project("{9A19103F-16F7-4668-BE54-9A1E7A4F7556}") = "GCCBuild", "GCCBuild\GCCBuild.csproj", "{E616E5B1-01C9-4E1E-82E0-F93E39B867F8}"
EndProject
Project("{2150E333-8FDC-42A3-9474-1A3956D46DE8}") = "Template", "Template", "{201BB894-CA4F-4EEF-B63F-77891EB12F26}"
	ProjectSection(SolutionItems) = preProject
		Template\GCC.Build.Template.nuspec = Template\GCC.Build.Template.nuspec
	EndProjectSection
EndProject
Project("{2150E333-8FDC-42A3-9474-1A3956D46DE8}") = "content", "content", "{2C777202-18DE-4074-A668-67AD52471BDA}"
	ProjectSection(SolutionItems) = preProject
		Template\content\GCCModify.ps1 = Template\content\GCCModify.ps1
		Template\content\GCCModify.sh = Template\content\GCCModify.sh
		Template\content\Microsoft.Cpp.Default.props.GCCBuild = Template\content\Microsoft.Cpp.Default.props.GCCBuild
	EndProjectSection
EndProject
Project("{2150E333-8FDC-42A3-9474-1A3956D46DE8}") = ".template.config", ".template.config", "{07A07B21-F937-4BF1-9C78-C00FAB954C94}"
	ProjectSection(SolutionItems) = preProject
		Template\content\.template.config\template.json = Template\content\.template.config\template.json
	EndProjectSection
EndProject
Project("{2150E333-8FDC-42A3-9474-1A3956D46DE8}") = "Solution Items", "Solution Items", "{5302C126-7D58-4176-8513-0B22BA025796}"
	ProjectSection(SolutionItems) = preProject
		ChangeLog = ChangeLog
		README.MD = README.MD
	EndProjectSection
EndProject
Project("{2150E333-8FDC-42A3-9474-1A3956D46DE8}") = ".github", ".github", "{1903819C-F4D9-434D-A28D-722BAAB30807}"
EndProject
Project("{2150E333-8FDC-42A3-9474-1A3956D46DE8}") = "Examples", "Examples", "{03B7AB6C-1D18-41E0-85CA-E9898D005D7A}"
	ProjectSection(SolutionItems) = preProject
		Examples\README.MD = Examples\README.MD
	EndProjectSection
EndProject
Project("{2150E333-8FDC-42A3-9474-1A3956D46DE8}") = "Transformed", "Transformed", "{5EF72ED9-5C1C-4B95-A58C-BF0E3123E85C}"
	ProjectSection(SolutionItems) = preProject
		Examples\Transformed\README.MD = Examples\Transformed\README.MD
	EndProjectSection
EndProject
Project("{2150E333-8FDC-42A3-9474-1A3956D46DE8}") = "Untransformed", "Untransformed", "{AC53C8FB-26D4-4F4C-96FB-15E56F87AEB9}"
	ProjectSection(SolutionItems) = preProject
		Examples\Untransformed\README.MD = Examples\Untransformed\README.MD
	EndProjectSection
EndProject
Project("{2150E333-8FDC-42A3-9474-1A3956D46DE8}") = "CS_CPP_Interop", "CS_CPP_Interop", "{74A569DC-7E13-4C12-896A-44EF5543337F}"
EndProject
Project("{9A19103F-16F7-4668-BE54-9A1E7A4F7556}") = "ConsoleApp", "Examples\Transformed\CS_CPP_Interop\ConsoleApp\ConsoleApp.csproj", "{A0F9084D-800E-4160-B7AD-6F81D6354144}"
EndProject
Project("{8BC9CEB8-8B4A-11D0-8D11-00A0C91BC942}") = "DynamicLib", "Examples\Transformed\CS_CPP_Interop\DynamicLib\DynamicLib.vcxproj", "{1324BC8C-3724-4945-B160-8B1F55BFF3F8}"
EndProject
Project("{2150E333-8FDC-42A3-9474-1A3956D46DE8}") = "VcxProj_Simple", "VcxProj_Simple", "{4546811E-CF0E-4CD2-9E25-9BC54A94CF8B}"
EndProject
Project("{2150E333-8FDC-42A3-9474-1A3956D46DE8}") = "VcxProj_Emscripten", "VcxProj_Emscripten", "{1AF8B32A-EE8B-448E-8985-91DFF7425892}"
EndProject
Project("{2150E333-8FDC-42A3-9474-1A3956D46DE8}") = "VcxProj_Complex", "VcxProj_Complex", "{CB7004BF-89DD-41F5-8838-36A1F835B13D}"
EndProject
Project("{2150E333-8FDC-42A3-9474-1A3956D46DE8}") = "VcxProj_VS_WSL", "VcxProj_VS_WSL", "{8B6A44D0-6E1D-4677-A4B7-A76B872BB8E4}"
EndProject
Project("{8BC9CEB8-8B4A-11D0-8D11-00A0C91BC942}") = "ConsoleApplication1", "Examples\Transformed\VcxProj_VS_WSL\ConsoleApplication1.vcxproj", "{8F395457-108A-4C2E-AC60-A44A28998F25}"
EndProject
Project("{8BC9CEB8-8B4A-11D0-8D11-00A0C91BC942}") = "ConsoleApplication", "Examples\Transformed\VcxProj_Complex\ConsoleApplication\ConsoleApplication.vcxproj", "{6D7AD92F-8A7A-4AF0-B1DC-8DE6791ACF35}"
EndProject
Project("{8BC9CEB8-8B4A-11D0-8D11-00A0C91BC942}") = "DynamicLib", "Examples\Transformed\VcxProj_Complex\DynamicLib\DynamicLib.vcxproj", "{50A8B814-4DA0-499C-AD3C-A166AD6264FE}"
EndProject
Project("{8BC9CEB8-8B4A-11D0-8D11-00A0C91BC942}") = "StaticLib", "Examples\Transformed\VcxProj_Complex\StaticLib\StaticLib.vcxproj", "{8EC9A846-69D8-49E1-B495-88679AE66024}"
EndProject
Project("{8BC9CEB8-8B4A-11D0-8D11-00A0C91BC942}") = "HellowWorld", "Examples\Transformed\VcxProj_Emscripten\HellowWorld.vcxproj", "{BB8B8231-C15A-437C-AAD2-88459A35B130}"
EndProject
Project("{8BC9CEB8-8B4A-11D0-8D11-00A0C91BC942}") = "ConsoleApplication1", "Examples\Transformed\VcxProj_Simple\ConsoleApplication1.vcxproj", "{BE0F6D83-C982-424D-B71F-5E9C1A69673D}"
EndProject
Project("{8BC9CEB8-8B4A-11D0-8D11-00A0C91BC942}") = "Un_ConsoleApplication", "Examples\Untransformed\ConsoleApplication\ConsoleApplication.vcxproj", "{F9C4AF3E-F3F1-4000-AD80-1ADF9A9F9264}"
EndProject
Project("{8BC9CEB8-8B4A-11D0-8D11-00A0C91BC942}") = "Un_StaticLib", "Examples\Untransformed\StaticLib\StaticLib.vcxproj", "{E9348E23-7B1B-45A3-BD9D-C3FF7951CA55}"
EndProject
Project("{8BC9CEB8-8B4A-11D0-8D11-00A0C91BC942}") = "Un_DynLib", "Examples\Untransformed\Un_DynLib\Un_DynLib.vcxproj", "{9FEDDADF-55CE-4502-AE5E-DA5EBDF932E7}"
EndProject
Global
	GlobalSection(SolutionConfigurationPlatforms) = preSolution
		Debug|Any CPU = Debug|Any CPU
		Debug|x64 = Debug|x64
		Debug|x86 = Debug|x86
		GCCDebug|Any CPU = GCCDebug|Any CPU
		GCCDebug|x64 = GCCDebug|x64
		GCCDebug|x86 = GCCDebug|x86
		LinuxDebug|Any CPU = LinuxDebug|Any CPU
		LinuxDebug|x64 = LinuxDebug|x64
		LinuxDebug|x86 = LinuxDebug|x86
		LinuxRelease|Any CPU = LinuxRelease|Any CPU
		LinuxRelease|x64 = LinuxRelease|x64
		LinuxRelease|x86 = LinuxRelease|x86
		Release|Any CPU = Release|Any CPU
		Release|x64 = Release|x64
		Release|x86 = Release|x86
		WasmDebug|Any CPU = WasmDebug|Any CPU
		WasmDebug|x64 = WasmDebug|x64
		WasmDebug|x86 = WasmDebug|x86
	EndGlobalSection
	GlobalSection(ProjectConfigurationPlatforms) = postSolution
		{E616E5B1-01C9-4E1E-82E0-F93E39B867F8}.Debug|Any CPU.ActiveCfg = Debug|Any CPU
		{E616E5B1-01C9-4E1E-82E0-F93E39B867F8}.Debug|Any CPU.Build.0 = Debug|Any CPU
		{E616E5B1-01C9-4E1E-82E0-F93E39B867F8}.Debug|x64.ActiveCfg = Debug|Any CPU
		{E616E5B1-01C9-4E1E-82E0-F93E39B867F8}.Debug|x64.Build.0 = Debug|Any CPU
		{E616E5B1-01C9-4E1E-82E0-F93E39B867F8}.Debug|x86.ActiveCfg = Debug|Any CPU
		{E616E5B1-01C9-4E1E-82E0-F93E39B867F8}.Debug|x86.Build.0 = Debug|Any CPU
		{E616E5B1-01C9-4E1E-82E0-F93E39B867F8}.GCCDebug|Any CPU.ActiveCfg = Debug|Any CPU
		{E616E5B1-01C9-4E1E-82E0-F93E39B867F8}.GCCDebug|Any CPU.Build.0 = Debug|Any CPU
		{E616E5B1-01C9-4E1E-82E0-F93E39B867F8}.GCCDebug|x64.ActiveCfg = Debug|Any CPU
		{E616E5B1-01C9-4E1E-82E0-F93E39B867F8}.GCCDebug|x64.Build.0 = Debug|Any CPU
		{E616E5B1-01C9-4E1E-82E0-F93E39B867F8}.GCCDebug|x86.ActiveCfg = Debug|Any CPU
		{E616E5B1-01C9-4E1E-82E0-F93E39B867F8}.GCCDebug|x86.Build.0 = Debug|Any CPU
		{E616E5B1-01C9-4E1E-82E0-F93E39B867F8}.LinuxDebug|Any CPU.ActiveCfg = Debug|Any CPU
		{E616E5B1-01C9-4E1E-82E0-F93E39B867F8}.LinuxDebug|Any CPU.Build.0 = Debug|Any CPU
		{E616E5B1-01C9-4E1E-82E0-F93E39B867F8}.LinuxDebug|x64.ActiveCfg = Debug|Any CPU
		{E616E5B1-01C9-4E1E-82E0-F93E39B867F8}.LinuxDebug|x64.Build.0 = Debug|Any CPU
		{E616E5B1-01C9-4E1E-82E0-F93E39B867F8}.LinuxDebug|x86.ActiveCfg = Debug|Any CPU
		{E616E5B1-01C9-4E1E-82E0-F93E39B867F8}.LinuxDebug|x86.Build.0 = Debug|Any CPU
		{E616E5B1-01C9-4E1E-82E0-F93E39B867F8}.LinuxRelease|Any CPU.ActiveCfg = Release|Any CPU
		{E616E5B1-01C9-4E1E-82E0-F93E39B867F8}.LinuxRelease|Any CPU.Build.0 = Release|Any CPU
		{E616E5B1-01C9-4E1E-82E0-F93E39B867F8}.LinuxRelease|x64.ActiveCfg = Release|Any CPU
		{E616E5B1-01C9-4E1E-82E0-F93E39B867F8}.LinuxRelease|x64.Build.0 = Release|Any CPU
		{E616E5B1-01C9-4E1E-82E0-F93E39B867F8}.LinuxRelease|x86.ActiveCfg = Release|Any CPU
		{E616E5B1-01C9-4E1E-82E0-F93E39B867F8}.LinuxRelease|x86.Build.0 = Release|Any CPU
		{E616E5B1-01C9-4E1E-82E0-F93E39B867F8}.Release|Any CPU.ActiveCfg = Release|Any CPU
		{E616E5B1-01C9-4E1E-82E0-F93E39B867F8}.Release|Any CPU.Build.0 = Release|Any CPU
		{E616E5B1-01C9-4E1E-82E0-F93E39B867F8}.Release|x64.ActiveCfg = Release|Any CPU
		{E616E5B1-01C9-4E1E-82E0-F93E39B867F8}.Release|x64.Build.0 = Release|Any CPU
		{E616E5B1-01C9-4E1E-82E0-F93E39B867F8}.Release|x86.ActiveCfg = Release|Any CPU
		{E616E5B1-01C9-4E1E-82E0-F93E39B867F8}.Release|x86.Build.0 = Release|Any CPU
		{E616E5B1-01C9-4E1E-82E0-F93E39B867F8}.WasmDebug|Any CPU.ActiveCfg = Debug|Any CPU
		{E616E5B1-01C9-4E1E-82E0-F93E39B867F8}.WasmDebug|Any CPU.Build.0 = Debug|Any CPU
		{E616E5B1-01C9-4E1E-82E0-F93E39B867F8}.WasmDebug|x64.ActiveCfg = Debug|Any CPU
		{E616E5B1-01C9-4E1E-82E0-F93E39B867F8}.WasmDebug|x64.Build.0 = Debug|Any CPU
		{E616E5B1-01C9-4E1E-82E0-F93E39B867F8}.WasmDebug|x86.ActiveCfg = Debug|Any CPU
		{E616E5B1-01C9-4E1E-82E0-F93E39B867F8}.WasmDebug|x86.Build.0 = Debug|Any CPU
		{A0F9084D-800E-4160-B7AD-6F81D6354144}.Debug|Any CPU.ActiveCfg = Debug|x64
		{A0F9084D-800E-4160-B7AD-6F81D6354144}.Debug|x64.ActiveCfg = Debug|x64
		{A0F9084D-800E-4160-B7AD-6F81D6354144}.Debug|x64.Build.0 = Debug|x64
		{A0F9084D-800E-4160-B7AD-6F81D6354144}.Debug|x86.ActiveCfg = Debug|x86
		{A0F9084D-800E-4160-B7AD-6F81D6354144}.Debug|x86.Build.0 = Debug|x86
		{A0F9084D-800E-4160-B7AD-6F81D6354144}.GCCDebug|Any CPU.ActiveCfg = Debug|x64
		{A0F9084D-800E-4160-B7AD-6F81D6354144}.GCCDebug|Any CPU.Build.0 = Debug|x64
		{A0F9084D-800E-4160-B7AD-6F81D6354144}.GCCDebug|x64.ActiveCfg = Debug|x64
		{A0F9084D-800E-4160-B7AD-6F81D6354144}.GCCDebug|x64.Build.0 = Debug|x64
		{A0F9084D-800E-4160-B7AD-6F81D6354144}.GCCDebug|x86.ActiveCfg = Debug|x86
		{A0F9084D-800E-4160-B7AD-6F81D6354144}.GCCDebug|x86.Build.0 = Debug|x86
		{A0F9084D-800E-4160-B7AD-6F81D6354144}.LinuxDebug|Any CPU.ActiveCfg = Debug|x64
		{A0F9084D-800E-4160-B7AD-6F81D6354144}.LinuxDebug|Any CPU.Build.0 = Debug|x64
		{A0F9084D-800E-4160-B7AD-6F81D6354144}.LinuxDebug|x64.ActiveCfg = Debug|x64
		{A0F9084D-800E-4160-B7AD-6F81D6354144}.LinuxDebug|x64.Build.0 = Debug|x64
		{A0F9084D-800E-4160-B7AD-6F81D6354144}.LinuxDebug|x86.ActiveCfg = Debug|x86
		{A0F9084D-800E-4160-B7AD-6F81D6354144}.LinuxDebug|x86.Build.0 = Debug|x86
		{A0F9084D-800E-4160-B7AD-6F81D6354144}.LinuxRelease|Any CPU.ActiveCfg = Release|x64
		{A0F9084D-800E-4160-B7AD-6F81D6354144}.LinuxRelease|Any CPU.Build.0 = Release|x64
		{A0F9084D-800E-4160-B7AD-6F81D6354144}.LinuxRelease|x64.ActiveCfg = Release|x64
		{A0F9084D-800E-4160-B7AD-6F81D6354144}.LinuxRelease|x64.Build.0 = Release|x64
		{A0F9084D-800E-4160-B7AD-6F81D6354144}.LinuxRelease|x86.ActiveCfg = Release|x86
		{A0F9084D-800E-4160-B7AD-6F81D6354144}.LinuxRelease|x86.Build.0 = Release|x86
		{A0F9084D-800E-4160-B7AD-6F81D6354144}.Release|Any CPU.ActiveCfg = Release|x64
		{A0F9084D-800E-4160-B7AD-6F81D6354144}.Release|x64.ActiveCfg = Release|x64
		{A0F9084D-800E-4160-B7AD-6F81D6354144}.Release|x64.Build.0 = Release|x64
		{A0F9084D-800E-4160-B7AD-6F81D6354144}.Release|x86.ActiveCfg = Release|x86
		{A0F9084D-800E-4160-B7AD-6F81D6354144}.Release|x86.Build.0 = Release|x86
		{A0F9084D-800E-4160-B7AD-6F81D6354144}.WasmDebug|Any CPU.ActiveCfg = Debug|x64
		{A0F9084D-800E-4160-B7AD-6F81D6354144}.WasmDebug|Any CPU.Build.0 = Debug|x64
		{A0F9084D-800E-4160-B7AD-6F81D6354144}.WasmDebug|x64.ActiveCfg = Debug|x64
		{A0F9084D-800E-4160-B7AD-6F81D6354144}.WasmDebug|x64.Build.0 = Debug|x64
		{A0F9084D-800E-4160-B7AD-6F81D6354144}.WasmDebug|x86.ActiveCfg = Debug|x86
		{A0F9084D-800E-4160-B7AD-6F81D6354144}.WasmDebug|x86.Build.0 = Debug|x86
		{1324BC8C-3724-4945-B160-8B1F55BFF3F8}.Debug|Any CPU.ActiveCfg = Debug|x64
		{1324BC8C-3724-4945-B160-8B1F55BFF3F8}.Debug|x64.ActiveCfg = Debug|x64
		{1324BC8C-3724-4945-B160-8B1F55BFF3F8}.Debug|x64.Build.0 = Debug|x64
		{1324BC8C-3724-4945-B160-8B1F55BFF3F8}.Debug|x86.ActiveCfg = Debug|Win32
		{1324BC8C-3724-4945-B160-8B1F55BFF3F8}.Debug|x86.Build.0 = Debug|Win32
		{1324BC8C-3724-4945-B160-8B1F55BFF3F8}.GCCDebug|Any CPU.ActiveCfg = Debug|x64
		{1324BC8C-3724-4945-B160-8B1F55BFF3F8}.GCCDebug|Any CPU.Build.0 = Debug|x64
		{1324BC8C-3724-4945-B160-8B1F55BFF3F8}.GCCDebug|x64.ActiveCfg = Debug|x64
		{1324BC8C-3724-4945-B160-8B1F55BFF3F8}.GCCDebug|x64.Build.0 = Debug|x64
		{1324BC8C-3724-4945-B160-8B1F55BFF3F8}.GCCDebug|x86.ActiveCfg = Debug|Win32
		{1324BC8C-3724-4945-B160-8B1F55BFF3F8}.GCCDebug|x86.Build.0 = Debug|Win32
		{1324BC8C-3724-4945-B160-8B1F55BFF3F8}.LinuxDebug|Any CPU.ActiveCfg = LinuxDebug|x64
		{1324BC8C-3724-4945-B160-8B1F55BFF3F8}.LinuxDebug|Any CPU.Build.0 = LinuxDebug|x64
		{1324BC8C-3724-4945-B160-8B1F55BFF3F8}.LinuxDebug|x64.ActiveCfg = LinuxDebug|x64
		{1324BC8C-3724-4945-B160-8B1F55BFF3F8}.LinuxDebug|x64.Build.0 = LinuxDebug|x64
		{1324BC8C-3724-4945-B160-8B1F55BFF3F8}.LinuxDebug|x86.ActiveCfg = LinuxDebug|Win32
		{1324BC8C-3724-4945-B160-8B1F55BFF3F8}.LinuxDebug|x86.Build.0 = LinuxDebug|Win32
		{1324BC8C-3724-4945-B160-8B1F55BFF3F8}.LinuxRelease|Any CPU.ActiveCfg = LinuxRelease|x64
		{1324BC8C-3724-4945-B160-8B1F55BFF3F8}.LinuxRelease|Any CPU.Build.0 = LinuxRelease|x64
		{1324BC8C-3724-4945-B160-8B1F55BFF3F8}.LinuxRelease|x64.ActiveCfg = LinuxRelease|x64
		{1324BC8C-3724-4945-B160-8B1F55BFF3F8}.LinuxRelease|x64.Build.0 = LinuxRelease|x64
		{1324BC8C-3724-4945-B160-8B1F55BFF3F8}.LinuxRelease|x86.ActiveCfg = LinuxRelease|Win32
		{1324BC8C-3724-4945-B160-8B1F55BFF3F8}.LinuxRelease|x86.Build.0 = LinuxRelease|Win32
		{1324BC8C-3724-4945-B160-8B1F55BFF3F8}.Release|Any CPU.ActiveCfg = Release|x64
		{1324BC8C-3724-4945-B160-8B1F55BFF3F8}.Release|x64.ActiveCfg = Release|x64
		{1324BC8C-3724-4945-B160-8B1F55BFF3F8}.Release|x64.Build.0 = Release|x64
		{1324BC8C-3724-4945-B160-8B1F55BFF3F8}.Release|x86.ActiveCfg = Release|Win32
		{1324BC8C-3724-4945-B160-8B1F55BFF3F8}.Release|x86.Build.0 = Release|Win32
		{1324BC8C-3724-4945-B160-8B1F55BFF3F8}.WasmDebug|Any CPU.ActiveCfg = Debug|x64
		{1324BC8C-3724-4945-B160-8B1F55BFF3F8}.WasmDebug|Any CPU.Build.0 = Debug|x64
		{1324BC8C-3724-4945-B160-8B1F55BFF3F8}.WasmDebug|x64.ActiveCfg = Debug|x64
		{1324BC8C-3724-4945-B160-8B1F55BFF3F8}.WasmDebug|x64.Build.0 = Debug|x64
		{1324BC8C-3724-4945-B160-8B1F55BFF3F8}.WasmDebug|x86.ActiveCfg = Debug|Win32
		{1324BC8C-3724-4945-B160-8B1F55BFF3F8}.WasmDebug|x86.Build.0 = Debug|Win32
		{8F395457-108A-4C2E-AC60-A44A28998F25}.Debug|Any CPU.ActiveCfg = Debug|x64
		{8F395457-108A-4C2E-AC60-A44A28998F25}.Debug|x64.ActiveCfg = Debug|x64
		{8F395457-108A-4C2E-AC60-A44A28998F25}.Debug|x64.Build.0 = Debug|x64
		{8F395457-108A-4C2E-AC60-A44A28998F25}.Debug|x86.ActiveCfg = Debug|Win32
		{8F395457-108A-4C2E-AC60-A44A28998F25}.Debug|x86.Build.0 = Debug|Win32
		{8F395457-108A-4C2E-AC60-A44A28998F25}.GCCDebug|Any CPU.ActiveCfg = Debug|x64
		{8F395457-108A-4C2E-AC60-A44A28998F25}.GCCDebug|Any CPU.Build.0 = Debug|x64
		{8F395457-108A-4C2E-AC60-A44A28998F25}.GCCDebug|x64.ActiveCfg = Debug|x64
		{8F395457-108A-4C2E-AC60-A44A28998F25}.GCCDebug|x64.Build.0 = Debug|x64
		{8F395457-108A-4C2E-AC60-A44A28998F25}.GCCDebug|x86.ActiveCfg = Debug|Win32
		{8F395457-108A-4C2E-AC60-A44A28998F25}.GCCDebug|x86.Build.0 = Debug|Win32
		{8F395457-108A-4C2E-AC60-A44A28998F25}.LinuxDebug|Any CPU.ActiveCfg = LinuxDebug|x64
		{8F395457-108A-4C2E-AC60-A44A28998F25}.LinuxDebug|Any CPU.Build.0 = LinuxDebug|x64
		{8F395457-108A-4C2E-AC60-A44A28998F25}.LinuxDebug|x64.ActiveCfg = LinuxDebug|x64
		{8F395457-108A-4C2E-AC60-A44A28998F25}.LinuxDebug|x64.Build.0 = LinuxDebug|x64
		{8F395457-108A-4C2E-AC60-A44A28998F25}.LinuxDebug|x86.ActiveCfg = LinuxDebug|Win32
		{8F395457-108A-4C2E-AC60-A44A28998F25}.LinuxDebug|x86.Build.0 = LinuxDebug|Win32
		{8F395457-108A-4C2E-AC60-A44A28998F25}.LinuxRelease|Any CPU.ActiveCfg = LinuxRelease|x64
		{8F395457-108A-4C2E-AC60-A44A28998F25}.LinuxRelease|Any CPU.Build.0 = LinuxRelease|x64
		{8F395457-108A-4C2E-AC60-A44A28998F25}.LinuxRelease|x64.ActiveCfg = LinuxRelease|x64
		{8F395457-108A-4C2E-AC60-A44A28998F25}.LinuxRelease|x64.Build.0 = LinuxRelease|x64
		{8F395457-108A-4C2E-AC60-A44A28998F25}.LinuxRelease|x86.ActiveCfg = LinuxRelease|Win32
		{8F395457-108A-4C2E-AC60-A44A28998F25}.LinuxRelease|x86.Build.0 = LinuxRelease|Win32
		{8F395457-108A-4C2E-AC60-A44A28998F25}.Release|Any CPU.ActiveCfg = Release|x64
		{8F395457-108A-4C2E-AC60-A44A28998F25}.Release|x64.ActiveCfg = Release|x64
		{8F395457-108A-4C2E-AC60-A44A28998F25}.Release|x64.Build.0 = Release|x64
		{8F395457-108A-4C2E-AC60-A44A28998F25}.Release|x86.ActiveCfg = Release|Win32
		{8F395457-108A-4C2E-AC60-A44A28998F25}.Release|x86.Build.0 = Release|Win32
		{8F395457-108A-4C2E-AC60-A44A28998F25}.WasmDebug|Any CPU.ActiveCfg = Debug|x64
		{8F395457-108A-4C2E-AC60-A44A28998F25}.WasmDebug|Any CPU.Build.0 = Debug|x64
		{8F395457-108A-4C2E-AC60-A44A28998F25}.WasmDebug|x64.ActiveCfg = Debug|x64
		{8F395457-108A-4C2E-AC60-A44A28998F25}.WasmDebug|x64.Build.0 = Debug|x64
		{8F395457-108A-4C2E-AC60-A44A28998F25}.WasmDebug|x86.ActiveCfg = Debug|Win32
		{8F395457-108A-4C2E-AC60-A44A28998F25}.WasmDebug|x86.Build.0 = Debug|Win32
		{6D7AD92F-8A7A-4AF0-B1DC-8DE6791ACF35}.Debug|Any CPU.ActiveCfg = Debug|x64
		{6D7AD92F-8A7A-4AF0-B1DC-8DE6791ACF35}.Debug|x64.ActiveCfg = Debug|x64
		{6D7AD92F-8A7A-4AF0-B1DC-8DE6791ACF35}.Debug|x64.Build.0 = Debug|x64
		{6D7AD92F-8A7A-4AF0-B1DC-8DE6791ACF35}.Debug|x86.ActiveCfg = Debug|Win32
		{6D7AD92F-8A7A-4AF0-B1DC-8DE6791ACF35}.Debug|x86.Build.0 = Debug|Win32
		{6D7AD92F-8A7A-4AF0-B1DC-8DE6791ACF35}.GCCDebug|Any CPU.ActiveCfg = Debug|x64
		{6D7AD92F-8A7A-4AF0-B1DC-8DE6791ACF35}.GCCDebug|Any CPU.Build.0 = Debug|x64
		{6D7AD92F-8A7A-4AF0-B1DC-8DE6791ACF35}.GCCDebug|x64.ActiveCfg = Debug|x64
		{6D7AD92F-8A7A-4AF0-B1DC-8DE6791ACF35}.GCCDebug|x64.Build.0 = Debug|x64
		{6D7AD92F-8A7A-4AF0-B1DC-8DE6791ACF35}.GCCDebug|x86.ActiveCfg = Debug|Win32
		{6D7AD92F-8A7A-4AF0-B1DC-8DE6791ACF35}.GCCDebug|x86.Build.0 = Debug|Win32
		{6D7AD92F-8A7A-4AF0-B1DC-8DE6791ACF35}.LinuxDebug|Any CPU.ActiveCfg = LinuxDebug|x64
		{6D7AD92F-8A7A-4AF0-B1DC-8DE6791ACF35}.LinuxDebug|Any CPU.Build.0 = LinuxDebug|x64
		{6D7AD92F-8A7A-4AF0-B1DC-8DE6791ACF35}.LinuxDebug|x64.ActiveCfg = LinuxDebug|x64
		{6D7AD92F-8A7A-4AF0-B1DC-8DE6791ACF35}.LinuxDebug|x64.Build.0 = LinuxDebug|x64
		{6D7AD92F-8A7A-4AF0-B1DC-8DE6791ACF35}.LinuxDebug|x86.ActiveCfg = LinuxDebug|Win32
		{6D7AD92F-8A7A-4AF0-B1DC-8DE6791ACF35}.LinuxDebug|x86.Build.0 = LinuxDebug|Win32
		{6D7AD92F-8A7A-4AF0-B1DC-8DE6791ACF35}.LinuxRelease|Any CPU.ActiveCfg = LinuxRelease|x64
		{6D7AD92F-8A7A-4AF0-B1DC-8DE6791ACF35}.LinuxRelease|Any CPU.Build.0 = LinuxRelease|x64
		{6D7AD92F-8A7A-4AF0-B1DC-8DE6791ACF35}.LinuxRelease|x64.ActiveCfg = LinuxRelease|x64
		{6D7AD92F-8A7A-4AF0-B1DC-8DE6791ACF35}.LinuxRelease|x64.Build.0 = LinuxRelease|x64
		{6D7AD92F-8A7A-4AF0-B1DC-8DE6791ACF35}.LinuxRelease|x86.ActiveCfg = LinuxRelease|Win32
		{6D7AD92F-8A7A-4AF0-B1DC-8DE6791ACF35}.LinuxRelease|x86.Build.0 = LinuxRelease|Win32
		{6D7AD92F-8A7A-4AF0-B1DC-8DE6791ACF35}.Release|Any CPU.ActiveCfg = Release|x64
		{6D7AD92F-8A7A-4AF0-B1DC-8DE6791ACF35}.Release|x64.ActiveCfg = Release|x64
		{6D7AD92F-8A7A-4AF0-B1DC-8DE6791ACF35}.Release|x64.Build.0 = Release|x64
		{6D7AD92F-8A7A-4AF0-B1DC-8DE6791ACF35}.Release|x86.ActiveCfg = Release|Win32
		{6D7AD92F-8A7A-4AF0-B1DC-8DE6791ACF35}.Release|x86.Build.0 = Release|Win32
		{6D7AD92F-8A7A-4AF0-B1DC-8DE6791ACF35}.WasmDebug|Any CPU.ActiveCfg = Debug|x64
		{6D7AD92F-8A7A-4AF0-B1DC-8DE6791ACF35}.WasmDebug|Any CPU.Build.0 = Debug|x64
		{6D7AD92F-8A7A-4AF0-B1DC-8DE6791ACF35}.WasmDebug|x64.ActiveCfg = Debug|x64
		{6D7AD92F-8A7A-4AF0-B1DC-8DE6791ACF35}.WasmDebug|x64.Build.0 = Debug|x64
		{6D7AD92F-8A7A-4AF0-B1DC-8DE6791ACF35}.WasmDebug|x86.ActiveCfg = Debug|Win32
		{6D7AD92F-8A7A-4AF0-B1DC-8DE6791ACF35}.WasmDebug|x86.Build.0 = Debug|Win32
		{50A8B814-4DA0-499C-AD3C-A166AD6264FE}.Debug|Any CPU.ActiveCfg = Debug|x64
		{50A8B814-4DA0-499C-AD3C-A166AD6264FE}.Debug|x64.ActiveCfg = Debug|x64
		{50A8B814-4DA0-499C-AD3C-A166AD6264FE}.Debug|x64.Build.0 = Debug|x64
		{50A8B814-4DA0-499C-AD3C-A166AD6264FE}.Debug|x86.ActiveCfg = Debug|Win32
		{50A8B814-4DA0-499C-AD3C-A166AD6264FE}.Debug|x86.Build.0 = Debug|Win32
		{50A8B814-4DA0-499C-AD3C-A166AD6264FE}.GCCDebug|Any CPU.ActiveCfg = Debug|x64
		{50A8B814-4DA0-499C-AD3C-A166AD6264FE}.GCCDebug|Any CPU.Build.0 = Debug|x64
		{50A8B814-4DA0-499C-AD3C-A166AD6264FE}.GCCDebug|x64.ActiveCfg = Debug|x64
		{50A8B814-4DA0-499C-AD3C-A166AD6264FE}.GCCDebug|x64.Build.0 = Debug|x64
		{50A8B814-4DA0-499C-AD3C-A166AD6264FE}.GCCDebug|x86.ActiveCfg = Debug|Win32
		{50A8B814-4DA0-499C-AD3C-A166AD6264FE}.GCCDebug|x86.Build.0 = Debug|Win32
		{50A8B814-4DA0-499C-AD3C-A166AD6264FE}.LinuxDebug|Any CPU.ActiveCfg = LinuxDebug|x64
		{50A8B814-4DA0-499C-AD3C-A166AD6264FE}.LinuxDebug|Any CPU.Build.0 = LinuxDebug|x64
		{50A8B814-4DA0-499C-AD3C-A166AD6264FE}.LinuxDebug|x64.ActiveCfg = LinuxDebug|x64
		{50A8B814-4DA0-499C-AD3C-A166AD6264FE}.LinuxDebug|x64.Build.0 = LinuxDebug|x64
		{50A8B814-4DA0-499C-AD3C-A166AD6264FE}.LinuxDebug|x86.ActiveCfg = LinuxDebug|Win32
		{50A8B814-4DA0-499C-AD3C-A166AD6264FE}.LinuxDebug|x86.Build.0 = LinuxDebug|Win32
		{50A8B814-4DA0-499C-AD3C-A166AD6264FE}.LinuxRelease|Any CPU.ActiveCfg = LinuxRelease|x64
		{50A8B814-4DA0-499C-AD3C-A166AD6264FE}.LinuxRelease|Any CPU.Build.0 = LinuxRelease|x64
		{50A8B814-4DA0-499C-AD3C-A166AD6264FE}.LinuxRelease|x64.ActiveCfg = LinuxRelease|x64
		{50A8B814-4DA0-499C-AD3C-A166AD6264FE}.LinuxRelease|x64.Build.0 = LinuxRelease|x64
		{50A8B814-4DA0-499C-AD3C-A166AD6264FE}.LinuxRelease|x86.ActiveCfg = LinuxRelease|Win32
		{50A8B814-4DA0-499C-AD3C-A166AD6264FE}.LinuxRelease|x86.Build.0 = LinuxRelease|Win32
		{50A8B814-4DA0-499C-AD3C-A166AD6264FE}.Release|Any CPU.ActiveCfg = Release|x64
		{50A8B814-4DA0-499C-AD3C-A166AD6264FE}.Release|x64.ActiveCfg = Release|x64
		{50A8B814-4DA0-499C-AD3C-A166AD6264FE}.Release|x64.Build.0 = Release|x64
		{50A8B814-4DA0-499C-AD3C-A166AD6264FE}.Release|x86.ActiveCfg = Release|Win32
		{50A8B814-4DA0-499C-AD3C-A166AD6264FE}.Release|x86.Build.0 = Release|Win32
		{50A8B814-4DA0-499C-AD3C-A166AD6264FE}.WasmDebug|Any CPU.ActiveCfg = Debug|x64
		{50A8B814-4DA0-499C-AD3C-A166AD6264FE}.WasmDebug|Any CPU.Build.0 = Debug|x64
		{50A8B814-4DA0-499C-AD3C-A166AD6264FE}.WasmDebug|x64.ActiveCfg = Debug|x64
		{50A8B814-4DA0-499C-AD3C-A166AD6264FE}.WasmDebug|x64.Build.0 = Debug|x64
		{50A8B814-4DA0-499C-AD3C-A166AD6264FE}.WasmDebug|x86.ActiveCfg = Debug|Win32
		{50A8B814-4DA0-499C-AD3C-A166AD6264FE}.WasmDebug|x86.Build.0 = Debug|Win32
		{8EC9A846-69D8-49E1-B495-88679AE66024}.Debug|Any CPU.ActiveCfg = Debug|x64
		{8EC9A846-69D8-49E1-B495-88679AE66024}.Debug|x64.ActiveCfg = Debug|x64
		{8EC9A846-69D8-49E1-B495-88679AE66024}.Debug|x64.Build.0 = Debug|x64
		{8EC9A846-69D8-49E1-B495-88679AE66024}.Debug|x86.ActiveCfg = Debug|Win32
		{8EC9A846-69D8-49E1-B495-88679AE66024}.Debug|x86.Build.0 = Debug|Win32
		{8EC9A846-69D8-49E1-B495-88679AE66024}.GCCDebug|Any CPU.ActiveCfg = Debug|x64
		{8EC9A846-69D8-49E1-B495-88679AE66024}.GCCDebug|Any CPU.Build.0 = Debug|x64
		{8EC9A846-69D8-49E1-B495-88679AE66024}.GCCDebug|x64.ActiveCfg = Debug|x64
		{8EC9A846-69D8-49E1-B495-88679AE66024}.GCCDebug|x64.Build.0 = Debug|x64
		{8EC9A846-69D8-49E1-B495-88679AE66024}.GCCDebug|x86.ActiveCfg = Debug|Win32
		{8EC9A846-69D8-49E1-B495-88679AE66024}.GCCDebug|x86.Build.0 = Debug|Win32
		{8EC9A846-69D8-49E1-B495-88679AE66024}.LinuxDebug|Any CPU.ActiveCfg = LinuxDebug|x64
		{8EC9A846-69D8-49E1-B495-88679AE66024}.LinuxDebug|Any CPU.Build.0 = LinuxDebug|x64
		{8EC9A846-69D8-49E1-B495-88679AE66024}.LinuxDebug|x64.ActiveCfg = LinuxDebug|x64
		{8EC9A846-69D8-49E1-B495-88679AE66024}.LinuxDebug|x64.Build.0 = LinuxDebug|x64
		{8EC9A846-69D8-49E1-B495-88679AE66024}.LinuxDebug|x86.ActiveCfg = LinuxDebug|Win32
		{8EC9A846-69D8-49E1-B495-88679AE66024}.LinuxDebug|x86.Build.0 = LinuxDebug|Win32
		{8EC9A846-69D8-49E1-B495-88679AE66024}.LinuxRelease|Any CPU.ActiveCfg = LinuxRelease|x64
		{8EC9A846-69D8-49E1-B495-88679AE66024}.LinuxRelease|Any CPU.Build.0 = LinuxRelease|x64
		{8EC9A846-69D8-49E1-B495-88679AE66024}.LinuxRelease|x64.ActiveCfg = LinuxRelease|x64
		{8EC9A846-69D8-49E1-B495-88679AE66024}.LinuxRelease|x64.Build.0 = LinuxRelease|x64
		{8EC9A846-69D8-49E1-B495-88679AE66024}.LinuxRelease|x86.ActiveCfg = LinuxRelease|Win32
		{8EC9A846-69D8-49E1-B495-88679AE66024}.LinuxRelease|x86.Build.0 = LinuxRelease|Win32
		{8EC9A846-69D8-49E1-B495-88679AE66024}.Release|Any CPU.ActiveCfg = Release|x64
		{8EC9A846-69D8-49E1-B495-88679AE66024}.Release|x64.ActiveCfg = Release|x64
		{8EC9A846-69D8-49E1-B495-88679AE66024}.Release|x64.Build.0 = Release|x64
		{8EC9A846-69D8-49E1-B495-88679AE66024}.Release|x86.ActiveCfg = Release|Win32
		{8EC9A846-69D8-49E1-B495-88679AE66024}.Release|x86.Build.0 = Release|Win32
		{8EC9A846-69D8-49E1-B495-88679AE66024}.WasmDebug|Any CPU.ActiveCfg = Debug|x64
		{8EC9A846-69D8-49E1-B495-88679AE66024}.WasmDebug|Any CPU.Build.0 = Debug|x64
		{8EC9A846-69D8-49E1-B495-88679AE66024}.WasmDebug|x64.ActiveCfg = Debug|x64
		{8EC9A846-69D8-49E1-B495-88679AE66024}.WasmDebug|x64.Build.0 = Debug|x64
		{8EC9A846-69D8-49E1-B495-88679AE66024}.WasmDebug|x86.ActiveCfg = Debug|Win32
		{8EC9A846-69D8-49E1-B495-88679AE66024}.WasmDebug|x86.Build.0 = Debug|Win32
		{BB8B8231-C15A-437C-AAD2-88459A35B130}.Debug|Any CPU.ActiveCfg = Debug|x64
		{BB8B8231-C15A-437C-AAD2-88459A35B130}.Debug|x64.ActiveCfg = Debug|x64
		{BB8B8231-C15A-437C-AAD2-88459A35B130}.Debug|x64.Build.0 = Debug|x64
		{BB8B8231-C15A-437C-AAD2-88459A35B130}.Debug|x86.ActiveCfg = Debug|Win32
		{BB8B8231-C15A-437C-AAD2-88459A35B130}.Debug|x86.Build.0 = Debug|Win32
		{BB8B8231-C15A-437C-AAD2-88459A35B130}.GCCDebug|Any CPU.ActiveCfg = GCCDebug|Win32
		{BB8B8231-C15A-437C-AAD2-88459A35B130}.GCCDebug|Any CPU.Build.0 = GCCDebug|Win32
		{BB8B8231-C15A-437C-AAD2-88459A35B130}.GCCDebug|x64.ActiveCfg = GCCDebug|Win32
		{BB8B8231-C15A-437C-AAD2-88459A35B130}.GCCDebug|x64.Build.0 = GCCDebug|Win32
		{BB8B8231-C15A-437C-AAD2-88459A35B130}.GCCDebug|x86.ActiveCfg = GCCDebug|Win32
		{BB8B8231-C15A-437C-AAD2-88459A35B130}.GCCDebug|x86.Build.0 = GCCDebug|Win32
		{BB8B8231-C15A-437C-AAD2-88459A35B130}.LinuxDebug|Any CPU.ActiveCfg = Debug|x64
		{BB8B8231-C15A-437C-AAD2-88459A35B130}.LinuxDebug|Any CPU.Build.0 = Debug|x64
		{BB8B8231-C15A-437C-AAD2-88459A35B130}.LinuxDebug|x64.ActiveCfg = Debug|x64
		{BB8B8231-C15A-437C-AAD2-88459A35B130}.LinuxDebug|x64.Build.0 = Debug|x64
		{BB8B8231-C15A-437C-AAD2-88459A35B130}.LinuxDebug|x86.ActiveCfg = Debug|Win32
		{BB8B8231-C15A-437C-AAD2-88459A35B130}.LinuxDebug|x86.Build.0 = Debug|Win32
		{BB8B8231-C15A-437C-AAD2-88459A35B130}.LinuxRelease|Any CPU.ActiveCfg = Release|x64
		{BB8B8231-C15A-437C-AAD2-88459A35B130}.LinuxRelease|Any CPU.Build.0 = Release|x64
		{BB8B8231-C15A-437C-AAD2-88459A35B130}.LinuxRelease|x64.ActiveCfg = Release|x64
		{BB8B8231-C15A-437C-AAD2-88459A35B130}.LinuxRelease|x64.Build.0 = Release|x64
		{BB8B8231-C15A-437C-AAD2-88459A35B130}.LinuxRelease|x86.ActiveCfg = Release|Win32
		{BB8B8231-C15A-437C-AAD2-88459A35B130}.LinuxRelease|x86.Build.0 = Release|Win32
		{BB8B8231-C15A-437C-AAD2-88459A35B130}.Release|Any CPU.ActiveCfg = Release|x64
		{BB8B8231-C15A-437C-AAD2-88459A35B130}.Release|x64.ActiveCfg = Release|x64
		{BB8B8231-C15A-437C-AAD2-88459A35B130}.Release|x64.Build.0 = Release|x64
		{BB8B8231-C15A-437C-AAD2-88459A35B130}.Release|x86.ActiveCfg = Release|Win32
		{BB8B8231-C15A-437C-AAD2-88459A35B130}.Release|x86.Build.0 = Release|Win32
		{BB8B8231-C15A-437C-AAD2-88459A35B130}.WasmDebug|Any CPU.ActiveCfg = WasmDebug|Win32
		{BB8B8231-C15A-437C-AAD2-88459A35B130}.WasmDebug|Any CPU.Build.0 = WasmDebug|Win32
		{BB8B8231-C15A-437C-AAD2-88459A35B130}.WasmDebug|x64.ActiveCfg = WasmDebug|Win32
		{BB8B8231-C15A-437C-AAD2-88459A35B130}.WasmDebug|x64.Build.0 = WasmDebug|Win32
		{BB8B8231-C15A-437C-AAD2-88459A35B130}.WasmDebug|x86.ActiveCfg = WasmDebug|Win32
		{BB8B8231-C15A-437C-AAD2-88459A35B130}.WasmDebug|x86.Build.0 = WasmDebug|Win32
		{BE0F6D83-C982-424D-B71F-5E9C1A69673D}.Debug|Any CPU.ActiveCfg = Debug|x64
		{BE0F6D83-C982-424D-B71F-5E9C1A69673D}.Debug|x64.ActiveCfg = Debug|x64
		{BE0F6D83-C982-424D-B71F-5E9C1A69673D}.Debug|x64.Build.0 = Debug|x64
		{BE0F6D83-C982-424D-B71F-5E9C1A69673D}.Debug|x86.ActiveCfg = Debug|Win32
		{BE0F6D83-C982-424D-B71F-5E9C1A69673D}.Debug|x86.Build.0 = Debug|Win32
		{BE0F6D83-C982-424D-B71F-5E9C1A69673D}.GCCDebug|Any CPU.ActiveCfg = Debug|x64
		{BE0F6D83-C982-424D-B71F-5E9C1A69673D}.GCCDebug|Any CPU.Build.0 = Debug|x64
		{BE0F6D83-C982-424D-B71F-5E9C1A69673D}.GCCDebug|x64.ActiveCfg = Debug|x64
		{BE0F6D83-C982-424D-B71F-5E9C1A69673D}.GCCDebug|x64.Build.0 = Debug|x64
		{BE0F6D83-C982-424D-B71F-5E9C1A69673D}.GCCDebug|x86.ActiveCfg = Debug|Win32
		{BE0F6D83-C982-424D-B71F-5E9C1A69673D}.GCCDebug|x86.Build.0 = Debug|Win32
		{BE0F6D83-C982-424D-B71F-5E9C1A69673D}.LinuxDebug|Any CPU.ActiveCfg = Debug|x64
		{BE0F6D83-C982-424D-B71F-5E9C1A69673D}.LinuxDebug|Any CPU.Build.0 = Debug|x64
		{BE0F6D83-C982-424D-B71F-5E9C1A69673D}.LinuxDebug|x64.ActiveCfg = Debug|x64
		{BE0F6D83-C982-424D-B71F-5E9C1A69673D}.LinuxDebug|x64.Build.0 = Debug|x64
		{BE0F6D83-C982-424D-B71F-5E9C1A69673D}.LinuxDebug|x86.ActiveCfg = Debug|Win32
		{BE0F6D83-C982-424D-B71F-5E9C1A69673D}.LinuxDebug|x86.Build.0 = Debug|Win32
		{BE0F6D83-C982-424D-B71F-5E9C1A69673D}.LinuxRelease|Any CPU.ActiveCfg = Release|x64
		{BE0F6D83-C982-424D-B71F-5E9C1A69673D}.LinuxRelease|Any CPU.Build.0 = Release|x64
		{BE0F6D83-C982-424D-B71F-5E9C1A69673D}.LinuxRelease|x64.ActiveCfg = Release|x64
		{BE0F6D83-C982-424D-B71F-5E9C1A69673D}.LinuxRelease|x64.Build.0 = Release|x64
		{BE0F6D83-C982-424D-B71F-5E9C1A69673D}.LinuxRelease|x86.ActiveCfg = Release|Win32
		{BE0F6D83-C982-424D-B71F-5E9C1A69673D}.LinuxRelease|x86.Build.0 = Release|Win32
		{BE0F6D83-C982-424D-B71F-5E9C1A69673D}.Release|Any CPU.ActiveCfg = Release|x64
		{BE0F6D83-C982-424D-B71F-5E9C1A69673D}.Release|x64.ActiveCfg = Release|x64
		{BE0F6D83-C982-424D-B71F-5E9C1A69673D}.Release|x64.Build.0 = Release|x64
		{BE0F6D83-C982-424D-B71F-5E9C1A69673D}.Release|x86.ActiveCfg = Release|Win32
		{BE0F6D83-C982-424D-B71F-5E9C1A69673D}.Release|x86.Build.0 = Release|Win32
		{BE0F6D83-C982-424D-B71F-5E9C1A69673D}.WasmDebug|Any CPU.ActiveCfg = Debug|x64
		{BE0F6D83-C982-424D-B71F-5E9C1A69673D}.WasmDebug|Any CPU.Build.0 = Debug|x64
		{BE0F6D83-C982-424D-B71F-5E9C1A69673D}.WasmDebug|x64.ActiveCfg = Debug|x64
		{BE0F6D83-C982-424D-B71F-5E9C1A69673D}.WasmDebug|x64.Build.0 = Debug|x64
		{BE0F6D83-C982-424D-B71F-5E9C1A69673D}.WasmDebug|x86.ActiveCfg = Debug|Win32
		{BE0F6D83-C982-424D-B71F-5E9C1A69673D}.WasmDebug|x86.Build.0 = Debug|Win32
		{F9C4AF3E-F3F1-4000-AD80-1ADF9A9F9264}.Debug|Any CPU.ActiveCfg = Debug|x64
		{F9C4AF3E-F3F1-4000-AD80-1ADF9A9F9264}.Debug|x64.ActiveCfg = Debug|x64
		{F9C4AF3E-F3F1-4000-AD80-1ADF9A9F9264}.Debug|x64.Build.0 = Debug|x64
		{F9C4AF3E-F3F1-4000-AD80-1ADF9A9F9264}.Debug|x86.ActiveCfg = Debug|Win32
		{F9C4AF3E-F3F1-4000-AD80-1ADF9A9F9264}.Debug|x86.Build.0 = Debug|Win32
		{F9C4AF3E-F3F1-4000-AD80-1ADF9A9F9264}.GCCDebug|Any CPU.ActiveCfg = Debug|x64
		{F9C4AF3E-F3F1-4000-AD80-1ADF9A9F9264}.GCCDebug|Any CPU.Build.0 = Debug|x64
		{F9C4AF3E-F3F1-4000-AD80-1ADF9A9F9264}.GCCDebug|x64.ActiveCfg = Debug|x64
		{F9C4AF3E-F3F1-4000-AD80-1ADF9A9F9264}.GCCDebug|x64.Build.0 = Debug|x64
		{F9C4AF3E-F3F1-4000-AD80-1ADF9A9F9264}.GCCDebug|x86.ActiveCfg = Debug|Win32
		{F9C4AF3E-F3F1-4000-AD80-1ADF9A9F9264}.GCCDebug|x86.Build.0 = Debug|Win32
		{F9C4AF3E-F3F1-4000-AD80-1ADF9A9F9264}.LinuxDebug|Any CPU.ActiveCfg = Debug|x64
		{F9C4AF3E-F3F1-4000-AD80-1ADF9A9F9264}.LinuxDebug|Any CPU.Build.0 = Debug|x64
		{F9C4AF3E-F3F1-4000-AD80-1ADF9A9F9264}.LinuxDebug|x64.ActiveCfg = Debug|x64
		{F9C4AF3E-F3F1-4000-AD80-1ADF9A9F9264}.LinuxDebug|x64.Build.0 = Debug|x64
		{F9C4AF3E-F3F1-4000-AD80-1ADF9A9F9264}.LinuxDebug|x86.ActiveCfg = Debug|Win32
		{F9C4AF3E-F3F1-4000-AD80-1ADF9A9F9264}.LinuxDebug|x86.Build.0 = Debug|Win32
		{F9C4AF3E-F3F1-4000-AD80-1ADF9A9F9264}.LinuxRelease|Any CPU.ActiveCfg = Release|x64
		{F9C4AF3E-F3F1-4000-AD80-1ADF9A9F9264}.LinuxRelease|Any CPU.Build.0 = Release|x64
		{F9C4AF3E-F3F1-4000-AD80-1ADF9A9F9264}.LinuxRelease|x64.ActiveCfg = Release|x64
		{F9C4AF3E-F3F1-4000-AD80-1ADF9A9F9264}.LinuxRelease|x64.Build.0 = Release|x64
		{F9C4AF3E-F3F1-4000-AD80-1ADF9A9F9264}.LinuxRelease|x86.ActiveCfg = Release|Win32
		{F9C4AF3E-F3F1-4000-AD80-1ADF9A9F9264}.LinuxRelease|x86.Build.0 = Release|Win32
		{F9C4AF3E-F3F1-4000-AD80-1ADF9A9F9264}.Release|Any CPU.ActiveCfg = Release|x64
		{F9C4AF3E-F3F1-4000-AD80-1ADF9A9F9264}.Release|x64.ActiveCfg = Release|x64
		{F9C4AF3E-F3F1-4000-AD80-1ADF9A9F9264}.Release|x64.Build.0 = Release|x64
		{F9C4AF3E-F3F1-4000-AD80-1ADF9A9F9264}.Release|x86.ActiveCfg = Release|Win32
		{F9C4AF3E-F3F1-4000-AD80-1ADF9A9F9264}.Release|x86.Build.0 = Release|Win32
		{F9C4AF3E-F3F1-4000-AD80-1ADF9A9F9264}.WasmDebug|Any CPU.ActiveCfg = Debug|x64
		{F9C4AF3E-F3F1-4000-AD80-1ADF9A9F9264}.WasmDebug|Any CPU.Build.0 = Debug|x64
		{F9C4AF3E-F3F1-4000-AD80-1ADF9A9F9264}.WasmDebug|x64.ActiveCfg = Debug|x64
		{F9C4AF3E-F3F1-4000-AD80-1ADF9A9F9264}.WasmDebug|x64.Build.0 = Debug|x64
		{F9C4AF3E-F3F1-4000-AD80-1ADF9A9F9264}.WasmDebug|x86.ActiveCfg = Debug|Win32
		{F9C4AF3E-F3F1-4000-AD80-1ADF9A9F9264}.WasmDebug|x86.Build.0 = Debug|Win32
		{E9348E23-7B1B-45A3-BD9D-C3FF7951CA55}.Debug|Any CPU.ActiveCfg = Debug|x64
		{E9348E23-7B1B-45A3-BD9D-C3FF7951CA55}.Debug|x64.ActiveCfg = Debug|x64
		{E9348E23-7B1B-45A3-BD9D-C3FF7951CA55}.Debug|x64.Build.0 = Debug|x64
		{E9348E23-7B1B-45A3-BD9D-C3FF7951CA55}.Debug|x86.ActiveCfg = Debug|Win32
		{E9348E23-7B1B-45A3-BD9D-C3FF7951CA55}.Debug|x86.Build.0 = Debug|Win32
		{E9348E23-7B1B-45A3-BD9D-C3FF7951CA55}.GCCDebug|Any CPU.ActiveCfg = Debug|x64
		{E9348E23-7B1B-45A3-BD9D-C3FF7951CA55}.GCCDebug|Any CPU.Build.0 = Debug|x64
		{E9348E23-7B1B-45A3-BD9D-C3FF7951CA55}.GCCDebug|x64.ActiveCfg = Debug|x64
		{E9348E23-7B1B-45A3-BD9D-C3FF7951CA55}.GCCDebug|x64.Build.0 = Debug|x64
		{E9348E23-7B1B-45A3-BD9D-C3FF7951CA55}.GCCDebug|x86.ActiveCfg = Debug|Win32
		{E9348E23-7B1B-45A3-BD9D-C3FF7951CA55}.GCCDebug|x86.Build.0 = Debug|Win32
		{E9348E23-7B1B-45A3-BD9D-C3FF7951CA55}.LinuxDebug|Any CPU.ActiveCfg = Debug|x64
		{E9348E23-7B1B-45A3-BD9D-C3FF7951CA55}.LinuxDebug|Any CPU.Build.0 = Debug|x64
		{E9348E23-7B1B-45A3-BD9D-C3FF7951CA55}.LinuxDebug|x64.ActiveCfg = Debug|x64
		{E9348E23-7B1B-45A3-BD9D-C3FF7951CA55}.LinuxDebug|x64.Build.0 = Debug|x64
		{E9348E23-7B1B-45A3-BD9D-C3FF7951CA55}.LinuxDebug|x86.ActiveCfg = Debug|Win32
		{E9348E23-7B1B-45A3-BD9D-C3FF7951CA55}.LinuxDebug|x86.Build.0 = Debug|Win32
		{E9348E23-7B1B-45A3-BD9D-C3FF7951CA55}.LinuxRelease|Any CPU.ActiveCfg = Release|x64
		{E9348E23-7B1B-45A3-BD9D-C3FF7951CA55}.LinuxRelease|Any CPU.Build.0 = Release|x64
		{E9348E23-7B1B-45A3-BD9D-C3FF7951CA55}.LinuxRelease|x64.ActiveCfg = Release|x64
		{E9348E23-7B1B-45A3-BD9D-C3FF7951CA55}.LinuxRelease|x64.Build.0 = Release|x64
		{E9348E23-7B1B-45A3-BD9D-C3FF7951CA55}.LinuxRelease|x86.ActiveCfg = Release|Win32
		{E9348E23-7B1B-45A3-BD9D-C3FF7951CA55}.LinuxRelease|x86.Build.0 = Release|Win32
		{E9348E23-7B1B-45A3-BD9D-C3FF7951CA55}.Release|Any CPU.ActiveCfg = Release|x64
		{E9348E23-7B1B-45A3-BD9D-C3FF7951CA55}.Release|x64.ActiveCfg = Release|x64
		{E9348E23-7B1B-45A3-BD9D-C3FF7951CA55}.Release|x64.Build.0 = Release|x64
		{E9348E23-7B1B-45A3-BD9D-C3FF7951CA55}.Release|x86.ActiveCfg = Release|Win32
		{E9348E23-7B1B-45A3-BD9D-C3FF7951CA55}.Release|x86.Build.0 = Release|Win32
		{E9348E23-7B1B-45A3-BD9D-C3FF7951CA55}.WasmDebug|Any CPU.ActiveCfg = Debug|x64
		{E9348E23-7B1B-45A3-BD9D-C3FF7951CA55}.WasmDebug|Any CPU.Build.0 = Debug|x64
		{E9348E23-7B1B-45A3-BD9D-C3FF7951CA55}.WasmDebug|x64.ActiveCfg = Debug|x64
		{E9348E23-7B1B-45A3-BD9D-C3FF7951CA55}.WasmDebug|x64.Build.0 = Debug|x64
		{E9348E23-7B1B-45A3-BD9D-C3FF7951CA55}.WasmDebug|x86.ActiveCfg = Debug|Win32
		{E9348E23-7B1B-45A3-BD9D-C3FF7951CA55}.WasmDebug|x86.Build.0 = Debug|Win32
		{9FEDDADF-55CE-4502-AE5E-DA5EBDF932E7}.Debug|Any CPU.ActiveCfg = Debug|x64
		{9FEDDADF-55CE-4502-AE5E-DA5EBDF932E7}.Debug|x64.ActiveCfg = Debug|x64
		{9FEDDADF-55CE-4502-AE5E-DA5EBDF932E7}.Debug|x64.Build.0 = Debug|x64
		{9FEDDADF-55CE-4502-AE5E-DA5EBDF932E7}.Debug|x86.ActiveCfg = Debug|Win32
		{9FEDDADF-55CE-4502-AE5E-DA5EBDF932E7}.Debug|x86.Build.0 = Debug|Win32
		{9FEDDADF-55CE-4502-AE5E-DA5EBDF932E7}.GCCDebug|Any CPU.ActiveCfg = Debug|x64
		{9FEDDADF-55CE-4502-AE5E-DA5EBDF932E7}.GCCDebug|Any CPU.Build.0 = Debug|x64
		{9FEDDADF-55CE-4502-AE5E-DA5EBDF932E7}.GCCDebug|x64.ActiveCfg = Debug|x64
		{9FEDDADF-55CE-4502-AE5E-DA5EBDF932E7}.GCCDebug|x64.Build.0 = Debug|x64
		{9FEDDADF-55CE-4502-AE5E-DA5EBDF932E7}.GCCDebug|x86.ActiveCfg = Debug|Win32
		{9FEDDADF-55CE-4502-AE5E-DA5EBDF932E7}.GCCDebug|x86.Build.0 = Debug|Win32
		{9FEDDADF-55CE-4502-AE5E-DA5EBDF932E7}.LinuxDebug|Any CPU.ActiveCfg = Debug|x64
		{9FEDDADF-55CE-4502-AE5E-DA5EBDF932E7}.LinuxDebug|Any CPU.Build.0 = Debug|x64
		{9FEDDADF-55CE-4502-AE5E-DA5EBDF932E7}.LinuxDebug|x64.ActiveCfg = Debug|x64
		{9FEDDADF-55CE-4502-AE5E-DA5EBDF932E7}.LinuxDebug|x64.Build.0 = Debug|x64
		{9FEDDADF-55CE-4502-AE5E-DA5EBDF932E7}.LinuxDebug|x86.ActiveCfg = Debug|Win32
		{9FEDDADF-55CE-4502-AE5E-DA5EBDF932E7}.LinuxDebug|x86.Build.0 = Debug|Win32
		{9FEDDADF-55CE-4502-AE5E-DA5EBDF932E7}.LinuxRelease|Any CPU.ActiveCfg = Release|x64
		{9FEDDADF-55CE-4502-AE5E-DA5EBDF932E7}.LinuxRelease|Any CPU.Build.0 = Release|x64
		{9FEDDADF-55CE-4502-AE5E-DA5EBDF932E7}.LinuxRelease|x64.ActiveCfg = Release|x64
		{9FEDDADF-55CE-4502-AE5E-DA5EBDF932E7}.LinuxRelease|x64.Build.0 = Release|x64
		{9FEDDADF-55CE-4502-AE5E-DA5EBDF932E7}.LinuxRelease|x86.ActiveCfg = Release|Win32
		{9FEDDADF-55CE-4502-AE5E-DA5EBDF932E7}.LinuxRelease|x86.Build.0 = Release|Win32
		{9FEDDADF-55CE-4502-AE5E-DA5EBDF932E7}.Release|Any CPU.ActiveCfg = Release|x64
		{9FEDDADF-55CE-4502-AE5E-DA5EBDF932E7}.Release|x64.ActiveCfg = Release|x64
		{9FEDDADF-55CE-4502-AE5E-DA5EBDF932E7}.Release|x64.Build.0 = Release|x64
		{9FEDDADF-55CE-4502-AE5E-DA5EBDF932E7}.Release|x86.ActiveCfg = Release|Win32
		{9FEDDADF-55CE-4502-AE5E-DA5EBDF932E7}.Release|x86.Build.0 = Release|Win32
		{9FEDDADF-55CE-4502-AE5E-DA5EBDF932E7}.WasmDebug|Any CPU.ActiveCfg = Debug|x64
		{9FEDDADF-55CE-4502-AE5E-DA5EBDF932E7}.WasmDebug|Any CPU.Build.0 = Debug|x64
		{9FEDDADF-55CE-4502-AE5E-DA5EBDF932E7}.WasmDebug|x64.ActiveCfg = Debug|x64
		{9FEDDADF-55CE-4502-AE5E-DA5EBDF932E7}.WasmDebug|x64.Build.0 = Debug|x64
		{9FEDDADF-55CE-4502-AE5E-DA5EBDF932E7}.WasmDebug|x86.ActiveCfg = Debug|Win32
		{9FEDDADF-55CE-4502-AE5E-DA5EBDF932E7}.WasmDebug|x86.Build.0 = Debug|Win32
	EndGlobalSection
	GlobalSection(SolutionProperties) = preSolution
		HideSolutionNode = FALSE
	EndGlobalSection
	GlobalSection(NestedProjects) = preSolution
		{2C777202-18DE-4074-A668-67AD52471BDA} = {201BB894-CA4F-4EEF-B63F-77891EB12F26}
		{07A07B21-F937-4BF1-9C78-C00FAB954C94} = {2C777202-18DE-4074-A668-67AD52471BDA}
		{5EF72ED9-5C1C-4B95-A58C-BF0E3123E85C} = {03B7AB6C-1D18-41E0-85CA-E9898D005D7A}
		{AC53C8FB-26D4-4F4C-96FB-15E56F87AEB9} = {03B7AB6C-1D18-41E0-85CA-E9898D005D7A}
		{74A569DC-7E13-4C12-896A-44EF5543337F} = {5EF72ED9-5C1C-4B95-A58C-BF0E3123E85C}
		{A0F9084D-800E-4160-B7AD-6F81D6354144} = {74A569DC-7E13-4C12-896A-44EF5543337F}
		{1324BC8C-3724-4945-B160-8B1F55BFF3F8} = {74A569DC-7E13-4C12-896A-44EF5543337F}
		{4546811E-CF0E-4CD2-9E25-9BC54A94CF8B} = {5EF72ED9-5C1C-4B95-A58C-BF0E3123E85C}
		{1AF8B32A-EE8B-448E-8985-91DFF7425892} = {5EF72ED9-5C1C-4B95-A58C-BF0E3123E85C}
		{CB7004BF-89DD-41F5-8838-36A1F835B13D} = {74A569DC-7E13-4C12-896A-44EF5543337F}
		{8B6A44D0-6E1D-4677-A4B7-A76B872BB8E4} = {74A569DC-7E13-4C12-896A-44EF5543337F}
		{8F395457-108A-4C2E-AC60-A44A28998F25} = {8B6A44D0-6E1D-4677-A4B7-A76B872BB8E4}
		{6D7AD92F-8A7A-4AF0-B1DC-8DE6791ACF35} = {CB7004BF-89DD-41F5-8838-36A1F835B13D}
		{50A8B814-4DA0-499C-AD3C-A166AD6264FE} = {CB7004BF-89DD-41F5-8838-36A1F835B13D}
		{8EC9A846-69D8-49E1-B495-88679AE66024} = {CB7004BF-89DD-41F5-8838-36A1F835B13D}
		{BB8B8231-C15A-437C-AAD2-88459A35B130} = {1AF8B32A-EE8B-448E-8985-91DFF7425892}
		{BE0F6D83-C982-424D-B71F-5E9C1A69673D} = {4546811E-CF0E-4CD2-9E25-9BC54A94CF8B}
		{F9C4AF3E-F3F1-4000-AD80-1ADF9A9F9264} = {AC53C8FB-26D4-4F4C-96FB-15E56F87AEB9}
		{E9348E23-7B1B-45A3-BD9D-C3FF7951CA55} = {AC53C8FB-26D4-4F4C-96FB-15E56F87AEB9}
		{9FEDDADF-55CE-4502-AE5E-DA5EBDF932E7} = {AC53C8FB-26D4-4F4C-96FB-15E56F87AEB9}
	EndGlobalSection
	GlobalSection(ExtensibilityGlobals) = postSolution
		SolutionGuid = {0C1152E9-57FF-4F1B-9F83-61398C48EA5F}
	EndGlobalSection
EndGlobal
